
Microsoft Visual Studio Solution File, Format Version 12.00
# Visual Studio Version 17
VisualStudioVersion = 17.10.35122.118
MinimumVisualStudioVersion = 10.0.40219.1
Project("{FAE04EC0-301F-11D3-BF4B-00C04F79EFBC}") = "Loops_McVey_Cason", "Loops_McVey_Cason.csproj", "{FDD9C82E-42EB-4F70-BEDC-60EF80C3943B}"
EndProject
Global
	GlobalSection(SolutionConfigurationPlatforms) = preSolution
		Debug|Any CPU = Debug|Any CPU
		Release|Any CPU = Release|Any CPU
	EndGlobalSection
	GlobalSection(ProjectConfigurationPlatforms) = postSolution
		{FDD9C82E-42EB-4F70-BEDC-60EF80C3943B}.Debug|Any CPU.ActiveCfg = Debug|Any CPU
		{FDD9C82E-42EB-4F70-BEDC-60EF80C3943B}.Debug|Any CPU.Build.0 = Debug|Any CPU
		{FDD9C82E-42EB-4F70-BEDC-60EF80C3943B}.Release|Any CPU.ActiveCfg = Release|Any CPU
		{FDD9C82E-42EB-4F70-BEDC-60EF80C3943B}.Release|Any CPU.Build.0 = Release|Any CPU
	EndGlobalSection
	GlobalSection(SolutionProperties) = preSolution
		HideSolutionNode = FALSE
	EndGlobalSection
	GlobalSection(ExtensibilityGlobals) = postSolution
		SolutionGuid = {3E566760-03EB-4EF7-AE43-743EADC93B7D}
	EndGlobalSection
EndGlobal
